
Microsoft Visual Studio Solution File, Format Version 12.00
# Visual Studio Version 16
VisualStudioVersion = 16.0.31624.102
MinimumVisualStudioVersion = 10.0.40219.1
Project("{8BC9CEB8-8B4A-11D0-8D11-00A0C91BC942}") = "PKR3.2(B)", "PKR3.2(B).vcxproj", "{5B03DA84-0943-4025-A76A-025CE4A41A0C}"
EndProject
Project("{8BC9CEB8-8B4A-11D0-8D11-00A0C91BC942}") = "Test3.2(B)", "..\Test3.2(B)\Test3.2(B).vcxproj", "{903E7251-5793-493B-9A29-76E47E6318A2}"
EndProject
Global
	GlobalSection(SolutionConfigurationPlatforms) = preSolution
		Debug|x64 = Debug|x64
		Debug|x86 = Debug|x86
		Release|x64 = Release|x64
		Release|x86 = Release|x86
	EndGlobalSection
	GlobalSection(ProjectConfigurationPlatforms) = postSolution
		{5B03DA84-0943-4025-A76A-025CE4A41A0C}.Debug|x64.ActiveCfg = Debug|x64
		{5B03DA84-0943-4025-A76A-025CE4A41A0C}.Debug|x64.Build.0 = Debug|x64
		{5B03DA84-0943-4025-A76A-025CE4A41A0C}.Debug|x86.ActiveCfg = Debug|Win32
		{5B03DA84-0943-4025-A76A-025CE4A41A0C}.Debug|x86.Build.0 = Debug|Win32
		{5B03DA84-0943-4025-A76A-025CE4A41A0C}.Release|x64.ActiveCfg = Release|x64
		{5B03DA84-0943-4025-A76A-025CE4A41A0C}.Release|x64.Build.0 = Release|x64
		{5B03DA84-0943-4025-A76A-025CE4A41A0C}.Release|x86.ActiveCfg = Release|Win32
		{5B03DA84-0943-4025-A76A-025CE4A41A0C}.Release|x86.Build.0 = Release|Win32
		{903E7251-5793-493B-9A29-76E47E6318A2}.Debug|x64.ActiveCfg = Debug|x64
		{903E7251-5793-493B-9A29-76E47E6318A2}.Debug|x64.Build.0 = Debug|x64
		{903E7251-5793-493B-9A29-76E47E6318A2}.Debug|x86.ActiveCfg = Debug|Win32
		{903E7251-5793-493B-9A29-76E47E6318A2}.Debug|x86.Build.0 = Debug|Win32
		{903E7251-5793-493B-9A29-76E47E6318A2}.Release|x64.ActiveCfg = Release|x64
		{903E7251-5793-493B-9A29-76E47E6318A2}.Release|x64.Build.0 = Release|x64
		{903E7251-5793-493B-9A29-76E47E6318A2}.Release|x86.ActiveCfg = Release|Win32
		{903E7251-5793-493B-9A29-76E47E6318A2}.Release|x86.Build.0 = Release|Win32
	EndGlobalSection
	GlobalSection(SolutionProperties) = preSolution
		HideSolutionNode = FALSE
	EndGlobalSection
	GlobalSection(ExtensibilityGlobals) = postSolution
		SolutionGuid = {FBF2DBC5-60AF-4797-9E6C-F32BAFB2A2B0}
	EndGlobalSection
EndGlobal
